
Microsoft Visual Studio Solution File, Format Version 12.00
# Visual Studio Version 17
VisualStudioVersion = 17.4.33110.190
MinimumVisualStudioVersion = 10.0.40219.1
Project("{9A19103F-16F7-4668-BE54-9A1E7A4F7556}") = "CityEvents", "ProjetoFinalAPI\CityEvents.csproj", "{06FB6A41-A1B4-4AAD-98D4-2463A63E5614}"
EndProject
Project("{9A19103F-16F7-4668-BE54-9A1E7A4F7556}") = "CityEvents.Service", "Service\CityEvents.Service.csproj", "{7ED159BC-92BB-4C65-92A2-7876756CD97A}"
EndProject
Project("{9A19103F-16F7-4668-BE54-9A1E7A4F7556}") = "CityEvents.Infra.Data", "Infra.Data\CityEvents.Infra.Data.csproj", "{2FECD65D-1014-4BAA-AF24-5E4744AFAD44}"
EndProject
Global
	GlobalSection(SolutionConfigurationPlatforms) = preSolution
		Debug|Any CPU = Debug|Any CPU
		Release|Any CPU = Release|Any CPU
	EndGlobalSection
	GlobalSection(ProjectConfigurationPlatforms) = postSolution
		{06FB6A41-A1B4-4AAD-98D4-2463A63E5614}.Debug|Any CPU.ActiveCfg = Debug|Any CPU
		{06FB6A41-A1B4-4AAD-98D4-2463A63E5614}.Debug|Any CPU.Build.0 = Debug|Any CPU
		{06FB6A41-A1B4-4AAD-98D4-2463A63E5614}.Release|Any CPU.ActiveCfg = Release|Any CPU
		{06FB6A41-A1B4-4AAD-98D4-2463A63E5614}.Release|Any CPU.Build.0 = Release|Any CPU
		{7ED159BC-92BB-4C65-92A2-7876756CD97A}.Debug|Any CPU.ActiveCfg = Debug|Any CPU
		{7ED159BC-92BB-4C65-92A2-7876756CD97A}.Debug|Any CPU.Build.0 = Debug|Any CPU
		{7ED159BC-92BB-4C65-92A2-7876756CD97A}.Release|Any CPU.ActiveCfg = Release|Any CPU
		{7ED159BC-92BB-4C65-92A2-7876756CD97A}.Release|Any CPU.Build.0 = Release|Any CPU
		{2FECD65D-1014-4BAA-AF24-5E4744AFAD44}.Debug|Any CPU.ActiveCfg = Debug|Any CPU
		{2FECD65D-1014-4BAA-AF24-5E4744AFAD44}.Debug|Any CPU.Build.0 = Debug|Any CPU
		{2FECD65D-1014-4BAA-AF24-5E4744AFAD44}.Release|Any CPU.ActiveCfg = Release|Any CPU
		{2FECD65D-1014-4BAA-AF24-5E4744AFAD44}.Release|Any CPU.Build.0 = Release|Any CPU
	EndGlobalSection
	GlobalSection(SolutionProperties) = preSolution
		HideSolutionNode = FALSE
	EndGlobalSection
	GlobalSection(ExtensibilityGlobals) = postSolution
		SolutionGuid = {E622A667-795C-4DAC-87D8-9CECDEB4A9FE}
	EndGlobalSection
EndGlobal
